{
  "schema": "livespec.beads_v112_rehearsal.dependencies_lock.v1",
  "runtime": {
    "shell": "posix-sh",
    "python": "python3",
    "json_processor": "python3-stdlib-json",
    "hash_tool": "sha256sum",
    "archive_tool": "tar"
  },
  "anchor_probe": {
    "implementation": "wrappers/anchor-probe.py",
    "query": "SELECT DATABASE(), CURRENT_USER(), @@hostname, @@port",
    "query_sha256": "0f334703b52dea71b6c7184692f245094b4c93cbf1d61bcee36fc6c3531a5b36",
    "statement_count": 1,
    "read_only_transaction": true,
    "driver_closure": {
      "module": "anchor_driver.py",
      "sha256": "d9a7bd2fe853161cc38d4717245db06bd27d32cff71dafd4e8a7c676d592ebc0",
      "source": "reviewed package root"
    },
    "external_runtime_dependencies": []
  },
  "network_artifacts": [
    {
      "name": "beads_1.1.2_linux_amd64.tar.gz",
      "url": "https://github.com/gastownhall/beads/releases/download/v1.1.2/beads_1.1.2_linux_amd64.tar.gz",
      "sha256": "a72d71ed374955dc9f83a0f90b54bd7b6a0016709dd1676ae2e368651ed401c2"
    },
    {
      "name": "beads-v1.1.2.spdx.json",
      "url": "https://github.com/gastownhall/beads/releases/download/v1.1.2/beads-v1.1.2.spdx.json",
      "sha256": "b05ca7f525f05e50691a4329b13aa87f10bc93160fe8d4d1ca371867701b58e6"
    }
  ],
  "no_runtime_package_dependencies": true
}
